
Microsoft Visual Studio Solution File, Format Version 12.00
# Visual Studio Version 17
VisualStudioVersion = 17.2.32630.192
MinimumVisualStudioVersion = 10.0.40219.1
Project("{FAE04EC0-301F-11D3-BF4B-00C04F79EFBC}") = "RoundRobin", "RoundRobin\RoundRobin.csproj", "{33F2E3C0-CC40-447E-AE48-557B8E4549F1}"
EndProject
Global
	GlobalSection(SolutionConfigurationPlatforms) = preSolution
		Debug|Any CPU = Debug|Any CPU
		Release|Any CPU = Release|Any CPU
	EndGlobalSection
	GlobalSection(ProjectConfigurationPlatforms) = postSolution
		{33F2E3C0-CC40-447E-AE48-557B8E4549F1}.Debug|Any CPU.ActiveCfg = Debug|Any CPU
		{33F2E3C0-CC40-447E-AE48-557B8E4549F1}.Debug|Any CPU.Build.0 = Debug|Any CPU
		{33F2E3C0-CC40-447E-AE48-557B8E4549F1}.Release|Any CPU.ActiveCfg = Release|Any CPU
		{33F2E3C0-CC40-447E-AE48-557B8E4549F1}.Release|Any CPU.Build.0 = Release|Any CPU
	EndGlobalSection
	GlobalSection(SolutionProperties) = preSolution
		HideSolutionNode = FALSE
	EndGlobalSection
	GlobalSection(ExtensibilityGlobals) = postSolution
		SolutionGuid = {BA20907E-A110-4269-B114-63350920AFFD}
	EndGlobalSection
EndGlobal
